
Microsoft Visual Studio Solution File, Format Version 12.00
# Visual Studio 15
VisualStudioVersion = 15.0.28307.421
MinimumVisualStudioVersion = 10.0.40219.1
Project("{FAE04EC0-301F-11D3-BF4B-00C04F79EFBC}") = "MoneyTemplate", "MoneyTemplate\MoneyTemplate.csproj", "{29A658E9-385C-46EF-93A9-47041761B833}"
EndProject
Global
	GlobalSection(SolutionConfigurationPlatforms) = preSolution
		Debug|Any CPU = Debug|Any CPU
		Release|Any CPU = Release|Any CPU
	EndGlobalSection
	GlobalSection(ProjectConfigurationPlatforms) = postSolution
		{29A658E9-385C-46EF-93A9-47041761B833}.Debug|Any CPU.ActiveCfg = Debug|Any CPU
		{29A658E9-385C-46EF-93A9-47041761B833}.Debug|Any CPU.Build.0 = Debug|Any CPU
		{29A658E9-385C-46EF-93A9-47041761B833}.Release|Any CPU.ActiveCfg = Release|Any CPU
		{29A658E9-385C-46EF-93A9-47041761B833}.Release|Any CPU.Build.0 = Release|Any CPU
	EndGlobalSection
	GlobalSection(SolutionProperties) = preSolution
		HideSolutionNode = FALSE
	EndGlobalSection
	GlobalSection(ExtensibilityGlobals) = postSolution
		SolutionGuid = {8E78E9EA-92CD-4936-A038-14999921998E}
	EndGlobalSection
EndGlobal
